// !$*UTF8*$!
{
	archiveVersion = 1;
	classes = {
	};
	objectVersion = 46;
	objects = {

/* Begin PBXBuildFile section */
		4D9BB39A1BE53F3B0063505B /* AppDelegate.swift in Sources */ = {isa = PBXBuildFile; fileRef = 4D9BB3991BE53F3B0063505B /* AppDelegate.swift */; };
		4D9BB39C1BE53F3B0063505B /* ViewController.swift in Sources */ = {isa = PBXBuildFile; fileRef = 4D9BB39B1BE53F3B0063505B /* ViewController.swift */; };
		4D9BB39F1BE53F3B0063505B /* Main.storyboard in Resources */ = {isa = PBXBuildFile; fileRef = 4D9BB39D1BE53F3B0063505B /* Main.storyboard */; };
		4D9BB3A11BE53F3B0063505B /* Assets.xcassets in Resources */ = {isa = PBXBuildFile; fileRef = 4D9BB3A01BE53F3B0063505B /* Assets.xcassets */; };
		4D9BB3A41BE53F3B0063505B /* LaunchScreen.storyboard in Resources */ = {isa = PBXBuildFile; fileRef = 4D9BB3A21BE53F3B0063505B /* LaunchScreen.storyboard */; };
		4D9BB3AF1BE53F3B0063505B /* TouchScaleTests.swift in Sources */ = {isa = PBXBuildFile; fileRef = 4D9BB3AE1BE53F3B0063505B /* TouchScaleTests.swift */; };
		4D9BB3BA1BE53F3B0063505B /* TouchScaleUITests.swift in Sources */ = {isa = PBXBuildFile; fileRef = 4D9BB3B91BE53F3B0063505B /* TouchScaleUITests.swift */; };
/* End PBXBuildFile section */

/* Begin PBXContainerItemProxy section */
		4D9BB3AB1BE53F3B0063505B /* PBXContainerItemProxy */ = {
			isa = PBXContainerItemProxy;
			containerPortal = 4D9BB38E1BE53F3B0063505B /* Project object */;
			proxyType = 1;
			remoteGlobalIDString = 4D9BB3951BE53F3B0063505B;
			remoteInfo = TouchScale;
		};
		4D9BB3B61BE53F3B0063505B /* PBXContainerItemProxy */ = {
			isa = PBXContainerItemProxy;
			containerPortal = 4D9BB38E1BE53F3B0063505B /* Project object */;
			proxyType = 1;
			remoteGlobalIDString = 4D9BB3951BE53F3B0063505B;
			remoteInfo = TouchScale;
		};
/* End PBXContainerItemProxy section */

/* Begin PBXFileReference section */
		4D9BB3961BE53F3B0063505B /* TouchScale.app */ = {isa = PBXFileReference; explicitFileType = wrapper.application; includeInIndex = 0; path = TouchScale.app; sourceTree = BUILT_PRODUCTS_DIR; };
		4D9BB3991BE53F3B0063505B /* AppDelegate.swift */ = {isa = PBXFileReference; lastKnownFileType = sourcecode.swift; path = AppDelegate.swift; sourceTree = "<group>"; };
		4D9BB39B1BE53F3B0063505B /* ViewController.swift */ = {isa = PBXFileReference; lastKnownFileType = sourcecode.swift; path = ViewController.swift; sourceTree = "<group>"; };
		4D9BB39E1BE53F3B0063505B /* Base */ = {isa = PBXFileReference; lastKnownFileType = file.storyboard; name = Base; path = Base.lproj/Main.storyboard; sourceTree = "<group>"; };
		4D9BB3A01BE53F3B0063505B /* Assets.xcassets */ = {isa = PBXFileReference; lastKnownFileType = folder.assetcatalog; path = Assets.xcassets; sourceTree = "<group>"; };
		4D9BB3A31BE53F3B0063505B /* Base */ = {isa = PBXFileReference; lastKnownFileType = file.storyboard; name = Base; path = Base.lproj/LaunchScreen.storyboard; sourceTree = "<group>"; };
		4D9BB3A51BE53F3B0063505B /* Info.plist */ = {isa = PBXFileReference; lastKnownFileType = text.plist.xml; path = Info.plist; sourceTree = "<group>"; };
		4D9BB3AA1BE53F3B0063505B /* TouchScaleTests.xctest */ = {isa = PBXFileReference; explicitFileType = wrapper.cfbundle; includeInIndex = 0; path = TouchScaleTests.xctest; sourceTree = BUILT_PRODUCTS_DIR; };
		4D9BB3AE1BE53F3B0063505B /* TouchScaleTests.swift */ = {isa = PBXFileReference; lastKnownFileType = sourcecode.swift; path = TouchScaleTests.swift; sourceTree = "<group>"; };
		4D9BB3B01BE53F3B0063505B /* Info.plist */ = {isa = PBXFileReference; lastKnownFileType = text.plist.xml; path = Info.plist; sourceTree = "<group>"; };
		4D9BB3B51BE53F3B0063505B /* TouchScaleUITests.xctest */ = {isa = PBXFileReference; explicitFileType = wrapper.cfbundle; includeInIndex = 0; path = TouchScaleUITests.xctest; sourceTree = BUILT_PRODUCTS_DIR; };
		4D9BB3B91BE53F3B0063505B /* TouchScaleUITests.swift */ = {isa = PBXFileReference; lastKnownFileType = sourcecode.swift; path = TouchScaleUITests.swift; sourceTree = "<group>"; };
		4D9BB3BB1BE53F3B0063505B /* Info.plist */ = {isa = PBXFileReference; lastKnownFileType = text.plist.xml; path = Info.plist; sourceTree = "<group>"; };
/* End PBXFileReference section */

/* Begin PBXFrameworksBuildPhase section */
		4D9BB3931BE53F3B0063505B /* Frameworks */ = {
			isa = PBXFrameworksBuildPhase;
			buildActionMask = 2147483647;
			files = (
			);
			runOnlyForDeploymentPostprocessing = 0;
		};
		4D9BB3A71BE53F3B0063505B /* Frameworks */ = {
			isa = PBXFrameworksBuildPhase;
			buildActionMask = 2147483647;
			files = (
			);
			runOnlyForDeploymentPostprocessing = 0;
		};
		4D9BB3B21BE53F3B0063505B /* Frameworks */ = {
			isa = PBXFrameworksBuildPhase;
			buildActionMask = 2147483647;
			files = (
			);
			runOnlyForDeploymentPostprocessing = 0;
		};
/* End PBXFrameworksBuildPhase section */

/* Begin PBXGroup section */
		4D9BB38D1BE53F3B0063505B = {
			isa = PBXGroup;
			children = (
				4D9BB3981BE53F3B0063505B /* TouchScale */,
				4D9BB3AD1BE53F3B0063505B /* TouchScaleTests */,
				4D9BB3B81BE53F3B0063505B /* TouchScaleUITests */,
				4D9BB3971BE53F3B0063505B /* Products */,
			);
			sourceTree = "<group>";
		};
		4D9BB3971BE53F3B0063505B /* Products */ = {
			isa = PBXGroup;
			children = (
				4D9BB3961BE53F3B0063505B /* TouchScale.app */,
				4D9BB3AA1BE53F3B0063505B /* TouchScaleTests.xctest */,
				4D9BB3B51BE53F3B0063505B /* TouchScaleUITests.xctest */,
			);
			name = Products;
			sourceTree = "<group>";
		};
		4D9BB3981BE53F3B0063505B /* TouchScale */ = {
			isa = PBXGroup;
			children = (
				4D9BB3991BE53F3B0063505B /* AppDelegate.swift */,
				4D9BB39B1BE53F3B0063505B /* ViewController.swift */,
				4D9BB39D1BE53F3B0063505B /* Main.storyboard */,
				4D9BB3A01BE53F3B0063505B /* Assets.xcassets */,
				4D9BB3A21BE53F3B0063505B /* LaunchScreen.storyboard */,
				4D9BB3A51BE53F3B0063505B /* Info.plist */,
			);
			path = TouchScale;
			sourceTree = "<group>";
		};
		4D9BB3AD1BE53F3B0063505B /* TouchScaleTests */ = {
			isa = PBXGroup;
			children = (
				4D9BB3AE1BE53F3B0063505B /* TouchScaleTests.swift */,
				4D9BB3B01BE53F3B0063505B /* Info.plist */,
			);
			path = TouchScaleTests;
			sourceTree = "<group>";
		};
		4D9BB3B81BE53F3B0063505B /* TouchScaleUITests */ = {
			isa = PBXGroup;
			children = (
				4D9BB3B91BE53F3B0063505B /* TouchScaleUITests.swift */,
				4D9BB3BB1BE53F3B0063505B /* Info.plist */,
			);
			path = TouchScaleUITests;
			sourceTree = "<group>";
		};
/* End PBXGroup section */

/* Begin PBXNativeTarget section */
		4D9BB3951BE53F3B0063505B /* TouchScale */ = {
			isa = PBXNativeTarget;
			buildConfigurationList = 4D9BB3BE1BE53F3B0063505B /* Build configuration list for PBXNativeTarget "TouchScale" */;
			buildPhases = (
				4D9BB3921BE53F3B0063505B /* Sources */,
				4D9BB3931BE53F3B0063505B /* Frameworks */,
				4D9BB3941BE53F3B0063505B /* Resources */,
			);
			buildRules = (
			);
			dependencies = (
			);
			name = TouchScale;
			productName = TouchScale;
			productReference = 4D9BB3961BE53F3B0063505B /* TouchScale.app */;
			productType = "com.apple.product-type.application";
		};
		4D9BB3A91BE53F3B0063505B /* TouchScaleTests */ = {
			isa = PBXNativeTarget;
			buildConfigurationList = 4D9BB3C11BE53F3B0063505B /* Build configuration list for PBXNativeTarget "TouchScaleTests" */;
			buildPhases = (
				4D9BB3A61BE53F3B0063505B /* Sources */,
				4D9BB3A71BE53F3B0063505B /* Frameworks */,
				4D9BB3A81BE53F3B0063505B /* Resources */,
			);
			buildRules = (
			);
			dependencies = (
				4D9BB3AC1BE53F3B0063505B /* PBXTargetDependency */,
			);
			name = TouchScaleTests;
			productName = TouchScaleTests;
			productReference = 4D9BB3AA1BE53F3B0063505B /* TouchScaleTests.xctest */;
			productType = "com.apple.product-type.bundle.unit-test";
		};
		4D9BB3B41BE53F3B0063505B /* TouchScaleUITests */ = {
			isa = PBXNativeTarget;
			buildConfigurationList = 4D9BB3C41BE53F3B0063505B /* Build configuration list for PBXNativeTarget "TouchScaleUITests" */;
			buildPhases = (
				4D9BB3B11BE53F3B0063505B /* Sources */,
				4D9BB3B21BE53F3B0063505B /* Frameworks */,
				4D9BB3B31BE53F3B0063505B /* Resources */,
			);
			buildRules = (
			);
			dependencies = (
				4D9BB3B71BE53F3B0063505B /* PBXTargetDependency */,
			);
			name = TouchScaleUITests;
			productName = TouchScaleUITests;
			productReference = 4D9BB3B51BE53F3B0063505B /* TouchScaleUITests.xctest */;
			productType = "com.apple.product-type.bundle.ui-testing";
		};
/* End PBXNativeTarget section */

/* Begin PBXProject section */
		4D9BB38E1BE53F3B0063505B /* Project object */ = {
			isa = PBXProject;
			attributes = {
				LastSwiftUpdateCheck = 0710;
				LastUpgradeCheck = 0710;
				ORGANIZATIONNAME = "Asher Trockman";
				TargetAttributes = {
					4D9BB3951BE53F3B0063505B = {
						CreatedOnToolsVersion = 7.1;
						DevelopmentTeam = 4F23TS2E7R;
					};
					4D9BB3A91BE53F3B0063505B = {
						CreatedOnToolsVersion = 7.1;
						DevelopmentTeam = 4F23TS2E7R;
						TestTargetID = 4D9BB3951BE53F3B0063505B;
					};
					4D9BB3B41BE53F3B0063505B = {
						CreatedOnToolsVersion = 7.1;
						DevelopmentTeam = 4F23TS2E7R;
						TestTargetID = 4D9BB3951BE53F3B0063505B;
					};
				};
			};
			buildConfigurationList = 4D9BB3911BE53F3B0063505B /* Build configuration list for PBXProject "TouchScale" */;
			compatibilityVersion = "Xcode 3.2";
			developmentRegion = English;
			hasScannedForEncodings = 0;
			knownRegions = (
				en,
				Base,
			);
			mainGroup = 4D9BB38D1BE53F3B0063505B;
			productRefGroup = 4D9BB3971BE53F3B0063505B /* Products */;
			projectDirPath = "";
			projectRoot = "";
			targets = (
				4D9BB3951BE53F3B0063505B /* TouchScale */,
				4D9BB3A91BE53F3B0063505B /* TouchScaleTests */,
				4D9BB3B41BE53F3B0063505B /* TouchScaleUITests */,
			);
		};
/* End PBXProject section */

/* Begin PBXResourcesBuildPhase section */
		4D9BB3941BE53F3B0063505B /* Resources */ = {
			isa = PBXResourcesBuildPhase;
			buildActionMask = 2147483647;
			files = (
				4D9BB3A41BE53F3B0063505B /* LaunchScreen.storyboard in Resources */,
				4D9BB3A11BE53F3B0063505B /* Assets.xcassets in Resources */,
				4D9BB39F1BE53F3B0063505B /* Main.storyboard in Resources */,
			);
			runOnlyForDeploymentPostprocessing = 0;
		};
		4D9BB3A81BE53F3B0063505B /* Resources */ = {
			isa = PBXResourcesBuildPhase;
			buildActionMask = 2147483647;
			files = (
			);
			runOnlyForDeploymentPostprocessing = 0;
		};
		4D9BB3B31BE53F3B0063505B /* Resources */ = {
			isa = PBXResourcesBuildPhase;
			buildActionMask = 2147483647;
			files = (
			);
			runOnlyForDeploymentPostprocessing = 0;
		};
/* End PBXResourcesBuildPhase section */

/* Begin PBXSourcesBuildPhase section */
		4D9BB3921BE53F3B0063505B /* Sources */ = {
			isa = PBXSourcesBuildPhase;
			buildActionMask = 2147483647;
			files = (
				4D9BB39C1BE53F3B0063505B /* ViewController.swift in Sources */,
				4D9BB39A1BE53F3B0063505B /* AppDelegate.swift in Sources */,
			);
			runOnlyForDeploymentPostprocessing = 0;
		};
		4D9BB3A61BE53F3B0063505B /* Sources */ = {
			isa = PBXSourcesBuildPhase;
			buildActionMask = 2147483647;
			files = (
				4D9BB3AF1BE53F3B0063505B /* TouchScaleTests.swift in Sources */,
			);
			runOnlyForDeploymentPostprocessing = 0;
		};
		4D9BB3B11BE53F3B0063505B /* Sources */ = {
			isa = PBXSourcesBuildPhase;
			buildActionMask = 2147483647;
			files = (
				4D9BB3BA1BE53F3B0063505B /* TouchScaleUITests.swift in Sources */,
			);
			runOnlyForDeploymentPostprocessing = 0;
		};
/* End PBXSourcesBuildPhase section */

/* Begin PBXTargetDependency section */
		4D9BB3AC1BE53F3B0063505B /* PBXTargetDependency */ = {
			isa = PBXTargetDependency;
			target = 4D9BB3951BE53F3B0063505B /* TouchScale */;
			targetProxy = 4D9BB3AB1BE53F3B0063505B /* PBXContainerItemProxy */;
		};
		4D9BB3B71BE53F3B0063505B /* PBXTargetDependency */ = {
			isa = PBXTargetDependency;
			target = 4D9BB3951BE53F3B0063505B /* TouchScale */;
			targetProxy = 4D9BB3B61BE53F3B0063505B /* PBXContainerItemProxy */;
		};
/* End PBXTargetDependency section */

/* Begin PBXVariantGroup section */
		4D9BB39D1BE53F3B0063505B /* Main.storyboard */ = {
			isa = PBXVariantGroup;
			children = (
				4D9BB39E1BE53F3B0063505B /* Base */,
			);
			name = Main.storyboard;
			sourceTree = "<group>";
		};
		4D9BB3A21BE53F3B0063505B /* LaunchScreen.storyboard */ = {
			isa = PBXVariantGroup;
			children = (
				4D9BB3A31BE53F3B0063505B /* Base */,
			);
			name = LaunchScreen.storyboard;
			sourceTree = "<group>";
		};
/* End PBXVariantGroup section */

/* Begin XCBuildConfiguration section */
		4D9BB3BC1BE53F3B0063505B /* Debug */ = {
			isa = XCBuildConfiguration;
			buildSettings = {
				ALWAYS_SEARCH_USER_PATHS = NO;
				CLANG_CXX_LANGUAGE_STANDARD = "gnu++0x";
				CLANG_CXX_LIBRARY = "libc++";
				CLANG_ENABLE_MODULES = YES;
				CLANG_ENABLE_OBJC_ARC = YES;
				CLANG_WARN_BOOL_CONVERSION = YES;
				CLANG_WARN_CONSTANT_CONVERSION = YES;
				CLANG_WARN_DIRECT_OBJC_ISA_USAGE = YES_ERROR;
				CLANG_WARN_EMPTY_BODY = YES;
				CLANG_WARN_ENUM_CONVERSION = YES;
				CLANG_WARN_INT_CONVERSION = YES;
				CLANG_WARN_OBJC_ROOT_CLASS = YES_ERROR;
				CLANG_WARN_UNREACHABLE_CODE = YES;
				CLANG_WARN__DUPLICATE_METHOD_MATCH = YES;
				"CODE_SIGN_IDENTITY[sdk=iphoneos*]" = "iPhone Developer";
				COPY_PHASE_STRIP = NO;
				DEBUG_INFORMATION_FORMAT = dwarf;
				ENABLE_STRICT_OBJC_MSGSEND = YES;
				ENABLE_TESTABILITY = YES;
				GCC_C_LANGUAGE_STANDARD = gnu99;
				GCC_DYNAMIC_NO_PIC = NO;
				GCC_NO_COMMON_BLOCKS = YES;
				GCC_OPTIMIZATION_LEVEL = 0;
				GCC_PREPROCESSOR_DEFINITIONS = (
					"DEBUG=1",
					"$(inherited)",
				);
				GCC_WARN_64_TO_32_BIT_CONVERSION = YES;
				GCC_WARN_ABOUT_RETURN_TYPE = YES_ERROR;
				GCC_WARN_UNDECLARED_SELECTOR = YES;
				GCC_WARN_UNINITIALIZED_AUTOS = YES_AGGRESSIVE;
				GCC_WARN_UNUSED_FUNCTION = YES;
				GCC_WARN_UNUSED_VARIABLE = YES;
				IPHONEOS_DEPLOYMENT_TARGET = 9.1;
				MTL_ENABLE_DEBUG_INFO = YES;
				ONLY_ACTIVE_ARCH = YES;
				SDKROOT = iphoneos;
				SWIFT_OPTIMIZATION_LEVEL = "-Onone";
			};
			name = Debug;
		};
		4D9BB3BD1BE53F3B0063505B /* Release */ = {
			isa = XCBuildConfiguration;
			buildSettings = {
				ALWAYS_SEARCH_USER_PATHS = NO;
				CLANG_CXX_LANGUAGE_STANDARD = "gnu++0x";
				CLANG_CXX_LIBRARY = "libc++";
				CLANG_ENABLE_MODULES = YES;
				CLANG_ENABLE_OBJC_ARC = YES;
				CLANG_WARN_BOOL_CONVERSION = YES;
				CLANG_WARN_CONSTANT_CONVERSION = YES;
				CLANG_WARN_DIRECT_OBJC_ISA_USAGE = YES_ERROR;
				CLANG_WARN_EMPTY_BODY = YES;
				CLANG_WARN_ENUM_CONVERSION = YES;
				CLANG_WARN_INT_CONVERSION = YES;
				CLANG_WARN_OBJC_ROOT_CLASS = YES_ERROR;
				CLANG_WARN_UNREACHABLE_CODE = YES;
				CLANG_WARN__DUPLICATE_METHOD_MATCH = YES;
				"CODE_SIGN_IDENTITY[sdk=iphoneos*]" = "iPhone Developer";
				COPY_PHASE_STRIP = NO;
				DEBUG_INFORMATION_FORMAT = "dwarf-with-dsym";
				ENABLE_NS_ASSERTIONS = NO;
				ENABLE_STRICT_OBJC_MSGSEND = YES;
				GCC_C_LANGUAGE_STANDARD = gnu99;
				GCC_NO_COMMON_BLOCKS = YES;
				GCC_WARN_64_TO_32_BIT_CONVERSION = YES;
				GCC_WARN_ABOUT_RETURN_TYPE = YES_ERROR;
				GCC_WARN_UNDECLARED_SELECTOR = YES;
				GCC_WARN_UNINITIALIZED_AUTOS = YES_AGGRESSIVE;
				GCC_WARN_UNUSED_FUNCTION = YES;
				GCC_WARN_UNUSED_VARIABLE = YES;
				IPHONEOS_DEPLOYMENT_TARGET = 9.1;
				MTL_ENABLE_DEBUG_INFO = NO;
				SDKROOT = iphoneos;
				VALIDATE_PRODUCT = YES;
			};
			name = Release;
		};
		4D9BB3BF1BE53F3B0063505B /* Debug */ = {
			isa = XCBuildConfiguration;
			buildSettings = {
				ASSETCATALOG_COMPILER_APPICON_NAME = AppIcon;
				INFOPLIST_FILE = TouchScale/Info.plist;
				LD_RUNPATH_SEARCH_PATHS = "$(inherited) @executable_path/Frameworks";
				PRODUCT_BUNDLE_IDENTIFIER = trockman.net.TouchScale;
				PRODUCT_NAME = "$(TARGET_NAME)";
			};
			name = Debug;
		};
		4D9BB3C01BE53F3B0063505B /* Release */ = {
			isa = XCBuildConfiguration;
			buildSettings = {
				ASSETCATALOG_COMPILER_APPICON_NAME = AppIcon;
				INFOPLIST_FILE = TouchScale/Info.plist;
				LD_RUNPATH_SEARCH_PATHS = "$(inherited) @executable_path/Frameworks";
				PRODUCT_BUNDLE_IDENTIFIER = trockman.net.TouchScale;
				PRODUCT_NAME = "$(TARGET_NAME)";
			};
			name = Release;
		};
		4D9BB3C21BE53F3B0063505B /* Debug */ = {
			isa = XCBuildConfiguration;
			buildSettings = {
				BUNDLE_LOADER = "$(TEST_HOST)";
				INFOPLIST_FILE = TouchScaleTests/Info.plist;
				LD_RUNPATH_SEARCH_PATHS = "$(inherited) @executable_path/Frameworks @loader_path/Frameworks";
				PRODUCT_BUNDLE_IDENTIFIER = trockman.net.TouchScaleTests;
				PRODUCT_NAME = "$(TARGET_NAME)";
				TEST_HOST = "$(BUILT_PRODUCTS_DIR)/TouchScale.app/TouchScale";
			};
			name = Debug;
		};
		4D9BB3C31BE53F3B0063505B /* Release */ = {
			isa = XCBuildConfiguration;
			buildSettings = {
				BUNDLE_LOADER = "$(TEST_HOST)";
				INFOPLIST_FILE = TouchScaleTests/Info.plist;
				LD_RUNPATH_SEARCH_PATHS = "$(inherited) @executable_path/Frameworks @loader_path/Frameworks";
				PRODUCT_BUNDLE_IDENTIFIER = trockman.net.TouchScaleTests;
				PRODUCT_NAME = "$(TARGET_NAME)";
				TEST_HOST = "$(BUILT_PRODUCTS_DIR)/TouchScale.app/TouchScale";
			};
			name = Release;
		};
		4D9BB3C51BE53F3B0063505B /* Debug */ = {
			isa = XCBuildConfiguration;
			buildSettings = {
				INFOPLIST_FILE = TouchScaleUITests/Info.plist;
				LD_RUNPATH_SEARCH_PATHS = "$(inherited) @executable_path/Frameworks @loader_path/Frameworks";
				PRODUCT_BUNDLE_IDENTIFIER = trockman.net.TouchScaleUITests;
				PRODUCT_NAME = "$(TARGET_NAME)";
				TEST_TARGET_NAME = TouchScale;
				USES_XCTRUNNER = YES;
			};
			name = Debug;
		};
		4D9BB3C61BE53F3B0063505B /* Release */ = {
			isa = XCBuildConfiguration;
			buildSettings = {
				INFOPLIST_FILE = TouchScaleUITests/Info.plist;
				LD_RUNPATH_SEARCH_PATHS = "$(inherited) @executable_path/Frameworks @loader_path/Frameworks";
				PRODUCT_BUNDLE_IDENTIFIER = trockman.net.TouchScaleUITests;
				PRODUCT_NAME = "$(TARGET_NAME)";
				TEST_TARGET_NAME = TouchScale;
				USES_XCTRUNNER = YES;
			};
			name = Release;
		};
/* End XCBuildConfiguration section */

/* Begin XCConfigurationList section */
		4D9BB3911BE53F3B0063505B /* Build configuration list for PBXProject "TouchScale" */ = {
			isa = XCConfigurationList;
			buildConfigurations = (
				4D9BB3BC1BE53F3B0063505B /* Debug */,
				4D9BB3BD1BE53F3B0063505B /* Release */,
			);
			defaultConfigurationIsVisible = 0;
			defaultConfigurationName = Release;
		};
		4D9BB3BE1BE53F3B0063505B /* Build configuration list for PBXNativeTarget "TouchScale" */ = {
			isa = XCConfigurationList;
			buildConfigurations = (
				4D9BB3BF1BE53F3B0063505B /* Debug */,
				4D9BB3C01BE53F3B0063505B /* Release */,
			);
			defaultConfigurationIsVisible = 0;
			defaultConfigurationName = Release;
		};
		4D9BB3C11BE53F3B0063505B /* Build configuration list for PBXNativeTarget "TouchScaleTests" */ = {
			isa = XCConfigurationList;
			buildConfigurations = (
				4D9BB3C21BE53F3B0063505B /* Debug */,
				4D9BB3C31BE53F3B0063505B /* Release */,
			);
			defaultConfigurationIsVisible = 0;
			defaultConfigurationName = Release;
		};
		4D9BB3C41BE53F3B0063505B /* Build configuration list for PBXNativeTarget "TouchScaleUITests" */ = {
			isa = XCConfigurationList;
			buildConfigurations = (
				4D9BB3C51BE53F3B0063505B /* Debug */,
				4D9BB3C61BE53F3B0063505B /* Release */,
			);
			defaultConfigurationIsVisible = 0;
			defaultConfigurationName = Release;
		};
/* End XCConfigurationList section */
	};
	rootObject = 4D9BB38E1BE53F3B0063505B /* Project object */;
}
